
Microsoft Visual Studio Solution File, Format Version 12.00
# Visual Studio 15
Project("{FAE04EC0-301F-11D3-BF4B-00C04F79EFBC}") = "TicTacToe", "TicTacToe\TicTacToe.csproj", "{CACB4B7C-11F1-420C-B4EC-3131E55E5266}"
EndProject
Global
	GlobalSection(SolutionConfigurationPlatforms) = preSolution
		Debug|Any CPU = Debug|Any CPU
		Release|Any CPU = Release|Any CPU
	EndGlobalSection
	GlobalSection(ProjectConfigurationPlatforms) = postSolution
		{CACB4B7C-11F1-420C-B4EC-3131E55E5266}.Debug|Any CPU.ActiveCfg = Debug|Any CPU
		{CACB4B7C-11F1-420C-B4EC-3131E55E5266}.Debug|Any CPU.Build.0 = Debug|Any CPU
		{CACB4B7C-11F1-420C-B4EC-3131E55E5266}.Release|Any CPU.ActiveCfg = Release|Any CPU
		{CACB4B7C-11F1-420C-B4EC-3131E55E5266}.Release|Any CPU.Build.0 = Release|Any CPU
	EndGlobalSection
EndGlobal
